
Microsoft Visual Studio Solution File, Format Version 11.00
# Visual Studio 2010
Project("{8BC9CEB8-8B4A-11D0-8D11-00A0C91BC942}") = "PngToRes", "PngToRes\PngToRes.vcxproj", "{517A15E4-24A0-4B65-9EBE-658DC4FAE57C}"
EndProject
Global
	GlobalSection(SolutionConfigurationPlatforms) = preSolution
		Debug|Win32 = Debug|Win32
		Release|Win32 = Release|Win32
	EndGlobalSection
	GlobalSection(ProjectConfigurationPlatforms) = postSolution
		{517A15E4-24A0-4B65-9EBE-658DC4FAE57C}.Debug|Win32.ActiveCfg = Debug|Win32
		{517A15E4-24A0-4B65-9EBE-658DC4FAE57C}.Debug|Win32.Build.0 = Debug|Win32
		{517A15E4-24A0-4B65-9EBE-658DC4FAE57C}.Release|Win32.ActiveCfg = Release|Win32
		{517A15E4-24A0-4B65-9EBE-658DC4FAE57C}.Release|Win32.Build.0 = Release|Win32
	EndGlobalSection
	GlobalSection(SolutionProperties) = preSolution
		HideSolutionNode = FALSE
	EndGlobalSection
EndGlobal
